
Microsoft Visual Studio Solution File, Format Version 12.00
# Visual Studio Version 16
VisualStudioVersion = 16.0.31613.86
MinimumVisualStudioVersion = 10.0.40219.1
Project("{FAE04EC0-301F-11D3-BF4B-00C04F79EFBC}") = "api-clientes", "api-clientes\api-clientes.csproj", "{138AA8C7-27FA-4CEB-9794-3D0CED5CC0E2}"
EndProject
Global
	GlobalSection(SolutionConfigurationPlatforms) = preSolution
		Debug|Any CPU = Debug|Any CPU
		Release|Any CPU = Release|Any CPU
	EndGlobalSection
	GlobalSection(ProjectConfigurationPlatforms) = postSolution
		{138AA8C7-27FA-4CEB-9794-3D0CED5CC0E2}.Debug|Any CPU.ActiveCfg = Debug|Any CPU
		{138AA8C7-27FA-4CEB-9794-3D0CED5CC0E2}.Debug|Any CPU.Build.0 = Debug|Any CPU
		{138AA8C7-27FA-4CEB-9794-3D0CED5CC0E2}.Release|Any CPU.ActiveCfg = Release|Any CPU
		{138AA8C7-27FA-4CEB-9794-3D0CED5CC0E2}.Release|Any CPU.Build.0 = Release|Any CPU
	EndGlobalSection
	GlobalSection(SolutionProperties) = preSolution
		HideSolutionNode = FALSE
	EndGlobalSection
	GlobalSection(ExtensibilityGlobals) = postSolution
		SolutionGuid = {701E5B36-2D84-42FE-B0CC-02527497B953}
	EndGlobalSection
EndGlobal
